
Microsoft Visual Studio Solution File, Format Version 12.00
# Visual Studio Version 17
VisualStudioVersion = 17.3.32929.385
MinimumVisualStudioVersion = 10.0.40219.1
Project("{FAE04EC0-301F-11D3-BF4B-00C04F79EFBC}") = "RapIDentity", "RapIDentity\RapIDentity.csproj", "{EDEC260D-C511-433C-B121-921B8051AAEA}"
EndProject
Global
	GlobalSection(SolutionConfigurationPlatforms) = preSolution
		Debug|Any CPU = Debug|Any CPU
		Release|Any CPU = Release|Any CPU
	EndGlobalSection
	GlobalSection(ProjectConfigurationPlatforms) = postSolution
		{EDEC260D-C511-433C-B121-921B8051AAEA}.Debug|Any CPU.ActiveCfg = Debug|Any CPU
		{EDEC260D-C511-433C-B121-921B8051AAEA}.Debug|Any CPU.Build.0 = Debug|Any CPU
		{EDEC260D-C511-433C-B121-921B8051AAEA}.Release|Any CPU.ActiveCfg = Release|Any CPU
		{EDEC260D-C511-433C-B121-921B8051AAEA}.Release|Any CPU.Build.0 = Release|Any CPU
	EndGlobalSection
	GlobalSection(SolutionProperties) = preSolution
		HideSolutionNode = FALSE
	EndGlobalSection
	GlobalSection(ExtensibilityGlobals) = postSolution
		SolutionGuid = {DD6D6A24-F9B1-44EF-A917-23FF78B5840D}
	EndGlobalSection
EndGlobal
